
Microsoft Visual Studio Solution File, Format Version 12.00
# Visual Studio Version 17
VisualStudioVersion = 17.5.33516.290
MinimumVisualStudioVersion = 10.0.40219.1
Project("{FAE04EC0-301F-11D3-BF4B-00C04F79EFBC}") = "14.ClaseMath", "14.ClaseMath\14.ClaseMath.csproj", "{89A1DBF1-31E5-4E51-9FD2-A6208EDDC72D}"
EndProject
Global
	GlobalSection(SolutionConfigurationPlatforms) = preSolution
		Debug|Any CPU = Debug|Any CPU
		Release|Any CPU = Release|Any CPU
	EndGlobalSection
	GlobalSection(ProjectConfigurationPlatforms) = postSolution
		{89A1DBF1-31E5-4E51-9FD2-A6208EDDC72D}.Debug|Any CPU.ActiveCfg = Debug|Any CPU
		{89A1DBF1-31E5-4E51-9FD2-A6208EDDC72D}.Debug|Any CPU.Build.0 = Debug|Any CPU
		{89A1DBF1-31E5-4E51-9FD2-A6208EDDC72D}.Release|Any CPU.ActiveCfg = Release|Any CPU
		{89A1DBF1-31E5-4E51-9FD2-A6208EDDC72D}.Release|Any CPU.Build.0 = Release|Any CPU
	EndGlobalSection
	GlobalSection(SolutionProperties) = preSolution
		HideSolutionNode = FALSE
	EndGlobalSection
	GlobalSection(ExtensibilityGlobals) = postSolution
		SolutionGuid = {8E97A6C3-E6C4-44ED-BE1A-1220EB979D0F}
	EndGlobalSection
EndGlobal
