
Microsoft Visual Studio Solution File, Format Version 12.00
# Visual Studio Version 17
VisualStudioVersion = 17.5.33516.290
MinimumVisualStudioVersion = 10.0.40219.1
Project("{FAE04EC0-301F-11D3-BF4B-00C04F79EFBC}") = "05.CondicionalesIF", "05.CondicionalesIF\05.CondicionalesIF.csproj", "{C6AF8EBA-2E92-41CA-A051-199688EFDEAD}"
EndProject
Global
	GlobalSection(SolutionConfigurationPlatforms) = preSolution
		Debug|Any CPU = Debug|Any CPU
		Release|Any CPU = Release|Any CPU
	EndGlobalSection
	GlobalSection(ProjectConfigurationPlatforms) = postSolution
		{C6AF8EBA-2E92-41CA-A051-199688EFDEAD}.Debug|Any CPU.ActiveCfg = Debug|Any CPU
		{C6AF8EBA-2E92-41CA-A051-199688EFDEAD}.Debug|Any CPU.Build.0 = Debug|Any CPU
		{C6AF8EBA-2E92-41CA-A051-199688EFDEAD}.Release|Any CPU.ActiveCfg = Release|Any CPU
		{C6AF8EBA-2E92-41CA-A051-199688EFDEAD}.Release|Any CPU.Build.0 = Release|Any CPU
	EndGlobalSection
	GlobalSection(SolutionProperties) = preSolution
		HideSolutionNode = FALSE
	EndGlobalSection
	GlobalSection(ExtensibilityGlobals) = postSolution
		SolutionGuid = {2EDE3DDE-124D-496B-BA14-8F8677B2667E}
	EndGlobalSection
EndGlobal
