
Microsoft Visual Studio Solution File, Format Version 12.00
# Visual Studio Version 17
VisualStudioVersion = 17.5.33516.290
MinimumVisualStudioVersion = 10.0.40219.1
Project("{FAE04EC0-301F-11D3-BF4B-00C04F79EFBC}") = "00.Introccion1", "00.Introccion1\00.Introccion1.csproj", "{7B565AF3-763A-4E11-8F84-78CD1B3D5E0D}"
EndProject
Global
	GlobalSection(SolutionConfigurationPlatforms) = preSolution
		Debug|Any CPU = Debug|Any CPU
		Release|Any CPU = Release|Any CPU
	EndGlobalSection
	GlobalSection(ProjectConfigurationPlatforms) = postSolution
		{7B565AF3-763A-4E11-8F84-78CD1B3D5E0D}.Debug|Any CPU.ActiveCfg = Debug|Any CPU
		{7B565AF3-763A-4E11-8F84-78CD1B3D5E0D}.Debug|Any CPU.Build.0 = Debug|Any CPU
		{7B565AF3-763A-4E11-8F84-78CD1B3D5E0D}.Release|Any CPU.ActiveCfg = Release|Any CPU
		{7B565AF3-763A-4E11-8F84-78CD1B3D5E0D}.Release|Any CPU.Build.0 = Release|Any CPU
	EndGlobalSection
	GlobalSection(SolutionProperties) = preSolution
		HideSolutionNode = FALSE
	EndGlobalSection
	GlobalSection(ExtensibilityGlobals) = postSolution
		SolutionGuid = {C30FE6E1-FE2F-4042-AB0D-D8BCA1E6D297}
	EndGlobalSection
EndGlobal
