
Microsoft Visual Studio Solution File, Format Version 12.00
# Visual Studio Version 17
VisualStudioVersion = 17.5.33516.290
MinimumVisualStudioVersion = 10.0.40219.1
Project("{FAE04EC0-301F-11D3-BF4B-00C04F79EFBC}") = "20.Interfacesll", "20.Interfacesll\20.Interfacesll.csproj", "{76F3F17B-553C-429B-B239-09F580AE9C5C}"
EndProject
Global
	GlobalSection(SolutionConfigurationPlatforms) = preSolution
		Debug|Any CPU = Debug|Any CPU
		Release|Any CPU = Release|Any CPU
	EndGlobalSection
	GlobalSection(ProjectConfigurationPlatforms) = postSolution
		{76F3F17B-553C-429B-B239-09F580AE9C5C}.Debug|Any CPU.ActiveCfg = Debug|Any CPU
		{76F3F17B-553C-429B-B239-09F580AE9C5C}.Debug|Any CPU.Build.0 = Debug|Any CPU
		{76F3F17B-553C-429B-B239-09F580AE9C5C}.Release|Any CPU.ActiveCfg = Release|Any CPU
		{76F3F17B-553C-429B-B239-09F580AE9C5C}.Release|Any CPU.Build.0 = Release|Any CPU
	EndGlobalSection
	GlobalSection(SolutionProperties) = preSolution
		HideSolutionNode = FALSE
	EndGlobalSection
	GlobalSection(ExtensibilityGlobals) = postSolution
		SolutionGuid = {35FB8675-3577-4DC0-8F90-6CAC7288E022}
	EndGlobalSection
EndGlobal
