
Microsoft Visual Studio Solution File, Format Version 12.00
# Visual Studio Version 17
VisualStudioVersion = 17.5.33516.290
MinimumVisualStudioVersion = 10.0.40219.1
Project("{FAE04EC0-301F-11D3-BF4B-00C04F79EFBC}") = "16.ArraysPorParametros", "16.ArraysPorParametros\16.ArraysPorParametros.csproj", "{1D52A7A6-7779-4F43-AD7D-6E2D777F9454}"
EndProject
Global
	GlobalSection(SolutionConfigurationPlatforms) = preSolution
		Debug|Any CPU = Debug|Any CPU
		Release|Any CPU = Release|Any CPU
	EndGlobalSection
	GlobalSection(ProjectConfigurationPlatforms) = postSolution
		{1D52A7A6-7779-4F43-AD7D-6E2D777F9454}.Debug|Any CPU.ActiveCfg = Debug|Any CPU
		{1D52A7A6-7779-4F43-AD7D-6E2D777F9454}.Debug|Any CPU.Build.0 = Debug|Any CPU
		{1D52A7A6-7779-4F43-AD7D-6E2D777F9454}.Release|Any CPU.ActiveCfg = Release|Any CPU
		{1D52A7A6-7779-4F43-AD7D-6E2D777F9454}.Release|Any CPU.Build.0 = Release|Any CPU
	EndGlobalSection
	GlobalSection(SolutionProperties) = preSolution
		HideSolutionNode = FALSE
	EndGlobalSection
	GlobalSection(ExtensibilityGlobals) = postSolution
		SolutionGuid = {0D60352F-C781-4469-8B46-3471579EF9DB}
	EndGlobalSection
EndGlobal
